// !$*UTF8*$!
{
	archiveVersion = 1;
	classes = {
	};
	objectVersion = 56;
	objects = {

/* Begin PBXBuildFile section */
		706A13432C32CB9E0065B39B /* Montserrat-Regular.ttf in Resources */ = {isa = PBXBuildFile; fileRef = 706A133F2C32CB9E0065B39B /* Montserrat-Regular.ttf */; };
		706A13442C32CB9E0065B39B /* Montserrat-SemiBold.ttf in Resources */ = {isa = PBXBuildFile; fileRef = 706A13402C32CB9E0065B39B /* Montserrat-SemiBold.ttf */; };
		706A13452C32CB9E0065B39B /* Montserrat-Medium.ttf in Resources */ = {isa = PBXBuildFile; fileRef = 706A13412C32CB9E0065B39B /* Montserrat-Medium.ttf */; };
		706A13462C32CB9E0065B39B /* Montserrat-Bold.ttf in Resources */ = {isa = PBXBuildFile; fileRef = 706A13422C32CB9E0065B39B /* Montserrat-Bold.ttf */; };
		70CD79112C33C77500FDA91C /* SMSScreen.swift in Sources */ = {isa = PBXBuildFile; fileRef = 70CD79102C33C77500FDA91C /* SMSScreen.swift */; };
		70CD79132C33CA5F00FDA91C /* TimerManager.swift in Sources */ = {isa = PBXBuildFile; fileRef = 70CD79122C33CA5F00FDA91C /* TimerManager.swift */; };
		70CD791C2C359A4500FDA91C /* WBUIKit in Resources */ = {isa = PBXBuildFile; fileRef = 70CD791A2C359A4500FDA91C /* WBUIKit */; };
		70CD79202C359A7300FDA91C /* WBUIKit in Frameworks */ = {isa = PBXBuildFile; productRef = 70CD791F2C359A7300FDA91C /* WBUIKit */; };
		70CD79222C35E19E00FDA91C /* Foundation+Extension.swift in Sources */ = {isa = PBXBuildFile; fileRef = 70CD79212C35E19E00FDA91C /* Foundation+Extension.swift */; };
		70CD86C32C329DB10046082E /* WBApp.swift in Sources */ = {isa = PBXBuildFile; fileRef = 70CD86C22C329DB10046082E /* WBApp.swift */; };
		70CD86C72C329DB20046082E /* Assets.xcassets in Resources */ = {isa = PBXBuildFile; fileRef = 70CD86C62C329DB20046082E /* Assets.xcassets */; };
/* End PBXBuildFile section */

/* Begin PBXFileReference section */
		706A133F2C32CB9E0065B39B /* Montserrat-Regular.ttf */ = {isa = PBXFileReference; lastKnownFileType = file; path = "Montserrat-Regular.ttf"; sourceTree = "<group>"; };
		706A13402C32CB9E0065B39B /* Montserrat-SemiBold.ttf */ = {isa = PBXFileReference; lastKnownFileType = file; path = "Montserrat-SemiBold.ttf"; sourceTree = "<group>"; };
		706A13412C32CB9E0065B39B /* Montserrat-Medium.ttf */ = {isa = PBXFileReference; lastKnownFileType = file; path = "Montserrat-Medium.ttf"; sourceTree = "<group>"; };
		706A13422C32CB9E0065B39B /* Montserrat-Bold.ttf */ = {isa = PBXFileReference; lastKnownFileType = file; path = "Montserrat-Bold.ttf"; sourceTree = "<group>"; };
		706A13472C32CD280065B39B /* Info.plist */ = {isa = PBXFileReference; lastKnownFileType = text.plist.xml; path = Info.plist; sourceTree = "<group>"; };
		70CD79102C33C77500FDA91C /* SMSScreen.swift */ = {isa = PBXFileReference; lastKnownFileType = sourcecode.swift; path = SMSScreen.swift; sourceTree = "<group>"; };
		70CD79122C33CA5F00FDA91C /* TimerManager.swift */ = {isa = PBXFileReference; lastKnownFileType = sourcecode.swift; path = TimerManager.swift; sourceTree = "<group>"; };
		70CD791A2C359A4500FDA91C /* WBUIKit */ = {isa = PBXFileReference; lastKnownFileType = wrapper; path = WBUIKit; sourceTree = "<group>"; };
		70CD79212C35E19E00FDA91C /* Foundation+Extension.swift */ = {isa = PBXFileReference; lastKnownFileType = sourcecode.swift; path = "Foundation+Extension.swift"; sourceTree = "<group>"; };
		70CD86BF2C329DB10046082E /* WB.app */ = {isa = PBXFileReference; explicitFileType = wrapper.application; includeInIndex = 0; path = WB.app; sourceTree = BUILT_PRODUCTS_DIR; };
		70CD86C22C329DB10046082E /* WBApp.swift */ = {isa = PBXFileReference; lastKnownFileType = sourcecode.swift; path = WBApp.swift; sourceTree = "<group>"; };
		70CD86C62C329DB20046082E /* Assets.xcassets */ = {isa = PBXFileReference; lastKnownFileType = folder.assetcatalog; path = Assets.xcassets; sourceTree = "<group>"; };
		70CD86C82C329DB20046082E /* WB.entitlements */ = {isa = PBXFileReference; lastKnownFileType = text.plist.entitlements; path = WB.entitlements; sourceTree = "<group>"; };
/* End PBXFileReference section */

/* Begin PBXFrameworksBuildPhase section */
		70CD86BC2C329DB10046082E /* Frameworks */ = {
			isa = PBXFrameworksBuildPhase;
			buildActionMask = 2147483647;
			files = (
				70CD79202C359A7300FDA91C /* WBUIKit in Frameworks */,
			);
			runOnlyForDeploymentPostprocessing = 0;
		};
/* End PBXFrameworksBuildPhase section */

/* Begin PBXGroup section */
		706A133E2C32CB580065B39B /* Fonts */ = {
			isa = PBXGroup;
			children = (
				706A13422C32CB9E0065B39B /* Montserrat-Bold.ttf */,
				706A13412C32CB9E0065B39B /* Montserrat-Medium.ttf */,
				706A133F2C32CB9E0065B39B /* Montserrat-Regular.ttf */,
				706A13402C32CB9E0065B39B /* Montserrat-SemiBold.ttf */,
			);
			path = Fonts;
			sourceTree = "<group>";
		};
		70CD78F82C32FCB300FDA91C /* Screens */ = {
			isa = PBXGroup;
			children = (
				70CD790F2C33C75E00FDA91C /* SMSScreen */,
			);
			path = Screens;
			sourceTree = "<group>";
		};
		70CD79012C331F7B00FDA91C /* Supporting Files */ = {
			isa = PBXGroup;
			children = (
				70CD86C62C329DB20046082E /* Assets.xcassets */,
				70CD86C82C329DB20046082E /* WB.entitlements */,
				706A13472C32CD280065B39B /* Info.plist */,
			);
			path = "Supporting Files";
			sourceTree = "<group>";
		};
		70CD79022C331F8700FDA91C /* Managers */ = {
			isa = PBXGroup;
			children = (
				70CD79122C33CA5F00FDA91C /* TimerManager.swift */,
			);
			path = Managers;
			sourceTree = "<group>";
		};
		70CD790F2C33C75E00FDA91C /* SMSScreen */ = {
			isa = PBXGroup;
			children = (
				70CD79102C33C77500FDA91C /* SMSScreen.swift */,
			);
			path = SMSScreen;
			sourceTree = "<group>";
		};
		70CD79142C33D20400FDA91C /* Extensions */ = {
			isa = PBXGroup;
			children = (
				70CD79212C35E19E00FDA91C /* Foundation+Extension.swift */,
			);
			path = Extensions;
			sourceTree = "<group>";
		};
		70CD79172C359A1200FDA91C /* Frameworks */ = {
			isa = PBXGroup;
			children = (
			);
			name = Frameworks;
			sourceTree = "<group>";
		};
		70CD791B2C359A4500FDA91C /* Modules */ = {
			isa = PBXGroup;
			children = (
				70CD791A2C359A4500FDA91C /* WBUIKit */,
			);
			path = Modules;
			sourceTree = "<group>";
		};
		70CD86B62C329DB10046082E = {
			isa = PBXGroup;
			children = (
				70CD791B2C359A4500FDA91C /* Modules */,
				70CD86C12C329DB10046082E /* WB */,
				70CD86C02C329DB10046082E /* Products */,
				70CD79172C359A1200FDA91C /* Frameworks */,
			);
			sourceTree = "<group>";
		};
		70CD86C02C329DB10046082E /* Products */ = {
			isa = PBXGroup;
			children = (
				70CD86BF2C329DB10046082E /* WB.app */,
			);
			name = Products;
			sourceTree = "<group>";
		};
		70CD86C12C329DB10046082E /* WB */ = {
			isa = PBXGroup;
			children = (
				70CD86C22C329DB10046082E /* WBApp.swift */,
				70CD79142C33D20400FDA91C /* Extensions */,
				70CD79022C331F8700FDA91C /* Managers */,
				70CD79012C331F7B00FDA91C /* Supporting Files */,
				70CD78F82C32FCB300FDA91C /* Screens */,
				706A133E2C32CB580065B39B /* Fonts */,
			);
			path = WB;
			sourceTree = "<group>";
		};
/* End PBXGroup section */

/* Begin PBXNativeTarget section */
		70CD86BE2C329DB10046082E /* WB */ = {
			isa = PBXNativeTarget;
			buildConfigurationList = 70CD86CE2C329DB20046082E /* Build configuration list for PBXNativeTarget "WB" */;
			buildPhases = (
				70CD86BB2C329DB10046082E /* Sources */,
				70CD86BC2C329DB10046082E /* Frameworks */,
				70CD86BD2C329DB10046082E /* Resources */,
			);
			buildRules = (
			);
			dependencies = (
			);
			name = WB;
			packageProductDependencies = (
				70CD791F2C359A7300FDA91C /* WBUIKit */,
			);
			productName = WB;
			productReference = 70CD86BF2C329DB10046082E /* WB.app */;
			productType = "com.apple.product-type.application";
		};
/* End PBXNativeTarget section */

/* Begin PBXProject section */
		70CD86B72C329DB10046082E /* Project object */ = {
			isa = PBXProject;
			attributes = {
				BuildIndependentTargetsInParallel = 1;
				LastSwiftUpdateCheck = 1540;
				LastUpgradeCheck = 1540;
				TargetAttributes = {
					70CD86BE2C329DB10046082E = {
						CreatedOnToolsVersion = 15.4;
					};
				};
			};
			buildConfigurationList = 70CD86BA2C329DB10046082E /* Build configuration list for PBXProject "WB" */;
			compatibilityVersion = "Xcode 14.0";
			developmentRegion = en;
			hasScannedForEncodings = 0;
			knownRegions = (
				en,
				Base,
			);
			mainGroup = 70CD86B62C329DB10046082E;
			productRefGroup = 70CD86C02C329DB10046082E /* Products */;
			projectDirPath = "";
			projectRoot = "";
			targets = (
				70CD86BE2C329DB10046082E /* WB */,
			);
		};
/* End PBXProject section */

/* Begin PBXResourcesBuildPhase section */
		70CD86BD2C329DB10046082E /* Resources */ = {
			isa = PBXResourcesBuildPhase;
			buildActionMask = 2147483647;
			files = (
				70CD791C2C359A4500FDA91C /* WBUIKit in Resources */,
				706A13432C32CB9E0065B39B /* Montserrat-Regular.ttf in Resources */,
				706A13452C32CB9E0065B39B /* Montserrat-Medium.ttf in Resources */,
				706A13462C32CB9E0065B39B /* Montserrat-Bold.ttf in Resources */,
				706A13442C32CB9E0065B39B /* Montserrat-SemiBold.ttf in Resources */,
				70CD86C72C329DB20046082E /* Assets.xcassets in Resources */,
			);
			runOnlyForDeploymentPostprocessing = 0;
		};
/* End PBXResourcesBuildPhase section */

/* Begin PBXSourcesBuildPhase section */
		70CD86BB2C329DB10046082E /* Sources */ = {
			isa = PBXSourcesBuildPhase;
			buildActionMask = 2147483647;
			files = (
				70CD79132C33CA5F00FDA91C /* TimerManager.swift in Sources */,
				70CD79112C33C77500FDA91C /* SMSScreen.swift in Sources */,
				70CD79222C35E19E00FDA91C /* Foundation+Extension.swift in Sources */,
				70CD86C32C329DB10046082E /* WBApp.swift in Sources */,
			);
			runOnlyForDeploymentPostprocessing = 0;
		};
/* End PBXSourcesBuildPhase section */

/* Begin XCBuildConfiguration section */
		70CD86CC2C329DB20046082E /* Debug */ = {
			isa = XCBuildConfiguration;
			buildSettings = {
				ALWAYS_SEARCH_USER_PATHS = NO;
				ASSETCATALOG_COMPILER_GENERATE_SWIFT_ASSET_SYMBOL_EXTENSIONS = YES;
				CLANG_ANALYZER_NONNULL = YES;
				CLANG_ANALYZER_NUMBER_OBJECT_CONVERSION = YES_AGGRESSIVE;
				CLANG_CXX_LANGUAGE_STANDARD = "gnu++20";
				CLANG_ENABLE_MODULES = YES;
				CLANG_ENABLE_OBJC_ARC = YES;
				CLANG_ENABLE_OBJC_WEAK = YES;
				CLANG_WARN_BLOCK_CAPTURE_AUTORELEASING = YES;
				CLANG_WARN_BOOL_CONVERSION = YES;
				CLANG_WARN_COMMA = YES;
				CLANG_WARN_CONSTANT_CONVERSION = YES;
				CLANG_WARN_DEPRECATED_OBJC_IMPLEMENTATIONS = YES;
				CLANG_WARN_DIRECT_OBJC_ISA_USAGE = YES_ERROR;
				CLANG_WARN_DOCUMENTATION_COMMENTS = YES;
				CLANG_WARN_EMPTY_BODY = YES;
				CLANG_WARN_ENUM_CONVERSION = YES;
				CLANG_WARN_INFINITE_RECURSION = YES;
				CLANG_WARN_INT_CONVERSION = YES;
				CLANG_WARN_NON_LITERAL_NULL_CONVERSION = YES;
				CLANG_WARN_OBJC_IMPLICIT_RETAIN_SELF = YES;
				CLANG_WARN_OBJC_LITERAL_CONVERSION = YES;
				CLANG_WARN_OBJC_ROOT_CLASS = YES_ERROR;
				CLANG_WARN_QUOTED_INCLUDE_IN_FRAMEWORK_HEADER = YES;
				CLANG_WARN_RANGE_LOOP_ANALYSIS = YES;
				CLANG_WARN_STRICT_PROTOTYPES = YES;
				CLANG_WARN_SUSPICIOUS_MOVE = YES;
				CLANG_WARN_UNGUARDED_AVAILABILITY = YES_AGGRESSIVE;
				CLANG_WARN_UNREACHABLE_CODE = YES;
				CLANG_WARN__DUPLICATE_METHOD_MATCH = YES;
				COPY_PHASE_STRIP = NO;
				DEBUG_INFORMATION_FORMAT = dwarf;
				ENABLE_STRICT_OBJC_MSGSEND = YES;
				ENABLE_TESTABILITY = YES;
				ENABLE_USER_SCRIPT_SANDBOXING = YES;
				GCC_C_LANGUAGE_STANDARD = gnu17;
				GCC_DYNAMIC_NO_PIC = NO;
				GCC_NO_COMMON_BLOCKS = YES;
				GCC_OPTIMIZATION_LEVEL = 0;
				GCC_PREPROCESSOR_DEFINITIONS = (
					"DEBUG=1",
					"$(inherited)",
				);
				GCC_WARN_64_TO_32_BIT_CONVERSION = YES;
				GCC_WARN_ABOUT_RETURN_TYPE = YES_ERROR;
				GCC_WARN_UNDECLARED_SELECTOR = YES;
				GCC_WARN_UNINITIALIZED_AUTOS = YES_AGGRESSIVE;
				GCC_WARN_UNUSED_FUNCTION = YES;
				GCC_WARN_UNUSED_VARIABLE = YES;
				LOCALIZATION_PREFERS_STRING_CATALOGS = YES;
				MTL_ENABLE_DEBUG_INFO = INCLUDE_SOURCE;
				MTL_FAST_MATH = YES;
				ONLY_ACTIVE_ARCH = YES;
				SWIFT_ACTIVE_COMPILATION_CONDITIONS = "DEBUG $(inherited)";
				SWIFT_OPTIMIZATION_LEVEL = "-Onone";
			};
			name = Debug;
		};
		70CD86CD2C329DB20046082E /* Release */ = {
			isa = XCBuildConfiguration;
			buildSettings = {
				ALWAYS_SEARCH_USER_PATHS = NO;
				ASSETCATALOG_COMPILER_GENERATE_SWIFT_ASSET_SYMBOL_EXTENSIONS = YES;
				CLANG_ANALYZER_NONNULL = YES;
				CLANG_ANALYZER_NUMBER_OBJECT_CONVERSION = YES_AGGRESSIVE;
				CLANG_CXX_LANGUAGE_STANDARD = "gnu++20";
				CLANG_ENABLE_MODULES = YES;
				CLANG_ENABLE_OBJC_ARC = YES;
				CLANG_ENABLE_OBJC_WEAK = YES;
				CLANG_WARN_BLOCK_CAPTURE_AUTORELEASING = YES;
				CLANG_WARN_BOOL_CONVERSION = YES;
				CLANG_WARN_COMMA = YES;
				CLANG_WARN_CONSTANT_CONVERSION = YES;
				CLANG_WARN_DEPRECATED_OBJC_IMPLEMENTATIONS = YES;
				CLANG_WARN_DIRECT_OBJC_ISA_USAGE = YES_ERROR;
				CLANG_WARN_DOCUMENTATION_COMMENTS = YES;
				CLANG_WARN_EMPTY_BODY = YES;
				CLANG_WARN_ENUM_CONVERSION = YES;
				CLANG_WARN_INFINITE_RECURSION = YES;
				CLANG_WARN_INT_CONVERSION = YES;
				CLANG_WARN_NON_LITERAL_NULL_CONVERSION = YES;
				CLANG_WARN_OBJC_IMPLICIT_RETAIN_SELF = YES;
				CLANG_WARN_OBJC_LITERAL_CONVERSION = YES;
				CLANG_WARN_OBJC_ROOT_CLASS = YES_ERROR;
				CLANG_WARN_QUOTED_INCLUDE_IN_FRAMEWORK_HEADER = YES;
				CLANG_WARN_RANGE_LOOP_ANALYSIS = YES;
				CLANG_WARN_STRICT_PROTOTYPES = YES;
				CLANG_WARN_SUSPICIOUS_MOVE = YES;
				CLANG_WARN_UNGUARDED_AVAILABILITY = YES_AGGRESSIVE;
				CLANG_WARN_UNREACHABLE_CODE = YES;
				CLANG_WARN__DUPLICATE_METHOD_MATCH = YES;
				COPY_PHASE_STRIP = NO;
				DEBUG_INFORMATION_FORMAT = "dwarf-with-dsym";
				ENABLE_NS_ASSERTIONS = NO;
				ENABLE_STRICT_OBJC_MSGSEND = YES;
				ENABLE_USER_SCRIPT_SANDBOXING = YES;
				GCC_C_LANGUAGE_STANDARD = gnu17;
				GCC_NO_COMMON_BLOCKS = YES;
				GCC_WARN_64_TO_32_BIT_CONVERSION = YES;
				GCC_WARN_ABOUT_RETURN_TYPE = YES_ERROR;
				GCC_WARN_UNDECLARED_SELECTOR = YES;
				GCC_WARN_UNINITIALIZED_AUTOS = YES_AGGRESSIVE;
				GCC_WARN_UNUSED_FUNCTION = YES;
				GCC_WARN_UNUSED_VARIABLE = YES;
				LOCALIZATION_PREFERS_STRING_CATALOGS = YES;
				MTL_ENABLE_DEBUG_INFO = NO;
				MTL_FAST_MATH = YES;
				SWIFT_COMPILATION_MODE = wholemodule;
			};
			name = Release;
		};
		70CD86CF2C329DB20046082E /* Debug */ = {
			isa = XCBuildConfiguration;
			buildSettings = {
				ASSETCATALOG_COMPILER_APPICON_NAME = AppIcon;
				ASSETCATALOG_COMPILER_GLOBAL_ACCENT_COLOR_NAME = AccentColor;
				CODE_SIGN_ENTITLEMENTS = "WB/Supporting Files/WB.entitlements";
				CODE_SIGN_STYLE = Automatic;
				CURRENT_PROJECT_VERSION = 1;
				DEVELOPMENT_ASSET_PATHS = "";
				DEVELOPMENT_TEAM = KTH6ENQ3G9;
				ENABLE_HARDENED_RUNTIME = YES;
				ENABLE_PREVIEWS = YES;
				GENERATE_INFOPLIST_FILE = YES;
				INFOPLIST_FILE = "WB/Supporting Files/Info.plist";
				INFOPLIST_KEY_LSApplicationCategoryType = "";
				"INFOPLIST_KEY_UIApplicationSceneManifest_Generation[sdk=iphoneos*]" = YES;
				"INFOPLIST_KEY_UIApplicationSceneManifest_Generation[sdk=iphonesimulator*]" = YES;
				"INFOPLIST_KEY_UIApplicationSupportsIndirectInputEvents[sdk=iphoneos*]" = YES;
				"INFOPLIST_KEY_UIApplicationSupportsIndirectInputEvents[sdk=iphonesimulator*]" = YES;
				"INFOPLIST_KEY_UILaunchScreen_Generation[sdk=iphoneos*]" = YES;
				"INFOPLIST_KEY_UILaunchScreen_Generation[sdk=iphonesimulator*]" = YES;
				"INFOPLIST_KEY_UIStatusBarStyle[sdk=iphoneos*]" = UIStatusBarStyleDefault;
				"INFOPLIST_KEY_UIStatusBarStyle[sdk=iphonesimulator*]" = UIStatusBarStyleDefault;
				INFOPLIST_KEY_UISupportedInterfaceOrientations = "UIInterfaceOrientationLandscapeLeft UIInterfaceOrientationLandscapeRight UIInterfaceOrientationPortrait";
				INFOPLIST_KEY_UISupportedInterfaceOrientations_iPad = "UIInterfaceOrientationLandscapeLeft UIInterfaceOrientationLandscapeRight UIInterfaceOrientationPortrait UIInterfaceOrientationPortraitUpsideDown";
				IPHONEOS_DEPLOYMENT_TARGET = 16.0;
				LD_RUNPATH_SEARCH_PATHS = "@executable_path/Frameworks";
				"LD_RUNPATH_SEARCH_PATHS[sdk=macosx*]" = "@executable_path/../Frameworks";
				MACOSX_DEPLOYMENT_TARGET = 14.5;
				MARKETING_VERSION = 1.0;
				PRODUCT_BUNDLE_IDENTIFIER = sablin.internship.WB;
				PRODUCT_NAME = "$(TARGET_NAME)";
				SDKROOT = auto;
				SUPPORTED_PLATFORMS = "iphoneos iphonesimulator macosx";
				SWIFT_EMIT_LOC_STRINGS = YES;
				SWIFT_VERSION = 5.0;
				TARGETED_DEVICE_FAMILY = "1,2";
			};
			name = Debug;
		};
		70CD86D02C329DB20046082E /* Release */ = {
			isa = XCBuildConfiguration;
			buildSettings = {
				ASSETCATALOG_COMPILER_APPICON_NAME = AppIcon;
				ASSETCATALOG_COMPILER_GLOBAL_ACCENT_COLOR_NAME = AccentColor;
				CODE_SIGN_ENTITLEMENTS = "WB/Supporting Files/WB.entitlements";
				CODE_SIGN_STYLE = Automatic;
				CURRENT_PROJECT_VERSION = 1;
				DEVELOPMENT_ASSET_PATHS = "";
				DEVELOPMENT_TEAM = KTH6ENQ3G9;
				ENABLE_HARDENED_RUNTIME = YES;
				ENABLE_PREVIEWS = YES;
				GENERATE_INFOPLIST_FILE = YES;
				INFOPLIST_FILE = "WB/Supporting Files/Info.plist";
				INFOPLIST_KEY_LSApplicationCategoryType = "";
				"INFOPLIST_KEY_UIApplicationSceneManifest_Generation[sdk=iphoneos*]" = YES;
				"INFOPLIST_KEY_UIApplicationSceneManifest_Generation[sdk=iphonesimulator*]" = YES;
				"INFOPLIST_KEY_UIApplicationSupportsIndirectInputEvents[sdk=iphoneos*]" = YES;
				"INFOPLIST_KEY_UIApplicationSupportsIndirectInputEvents[sdk=iphonesimulator*]" = YES;
				"INFOPLIST_KEY_UILaunchScreen_Generation[sdk=iphoneos*]" = YES;
				"INFOPLIST_KEY_UILaunchScreen_Generation[sdk=iphonesimulator*]" = YES;
				"INFOPLIST_KEY_UIStatusBarStyle[sdk=iphoneos*]" = UIStatusBarStyleDefault;
				"INFOPLIST_KEY_UIStatusBarStyle[sdk=iphonesimulator*]" = UIStatusBarStyleDefault;
				INFOPLIST_KEY_UISupportedInterfaceOrientations = "UIInterfaceOrientationLandscapeLeft UIInterfaceOrientationLandscapeRight UIInterfaceOrientationPortrait";
				INFOPLIST_KEY_UISupportedInterfaceOrientations_iPad = "UIInterfaceOrientationLandscapeLeft UIInterfaceOrientationLandscapeRight UIInterfaceOrientationPortrait UIInterfaceOrientationPortraitUpsideDown";
				IPHONEOS_DEPLOYMENT_TARGET = 16.0;
				LD_RUNPATH_SEARCH_PATHS = "@executable_path/Frameworks";
				"LD_RUNPATH_SEARCH_PATHS[sdk=macosx*]" = "@executable_path/../Frameworks";
				MACOSX_DEPLOYMENT_TARGET = 14.5;
				MARKETING_VERSION = 1.0;
				PRODUCT_BUNDLE_IDENTIFIER = sablin.internship.WB;
				PRODUCT_NAME = "$(TARGET_NAME)";
				SDKROOT = auto;
				SUPPORTED_PLATFORMS = "iphoneos iphonesimulator macosx";
				SWIFT_EMIT_LOC_STRINGS = YES;
				SWIFT_VERSION = 5.0;
				TARGETED_DEVICE_FAMILY = "1,2";
			};
			name = Release;
		};
/* End XCBuildConfiguration section */

/* Begin XCConfigurationList section */
		70CD86BA2C329DB10046082E /* Build configuration list for PBXProject "WB" */ = {
			isa = XCConfigurationList;
			buildConfigurations = (
				70CD86CC2C329DB20046082E /* Debug */,
				70CD86CD2C329DB20046082E /* Release */,
			);
			defaultConfigurationIsVisible = 0;
			defaultConfigurationName = Release;
		};
		70CD86CE2C329DB20046082E /* Build configuration list for PBXNativeTarget "WB" */ = {
			isa = XCConfigurationList;
			buildConfigurations = (
				70CD86CF2C329DB20046082E /* Debug */,
				70CD86D02C329DB20046082E /* Release */,
			);
			defaultConfigurationIsVisible = 0;
			defaultConfigurationName = Release;
		};
/* End XCConfigurationList section */

/* Begin XCSwiftPackageProductDependency section */
		70CD791F2C359A7300FDA91C /* WBUIKit */ = {
			isa = XCSwiftPackageProductDependency;
			productName = WBUIKit;
		};
/* End XCSwiftPackageProductDependency section */
	};
	rootObject = 70CD86B72C329DB10046082E /* Project object */;
}
